// !$*UTF8*$!
{
	archiveVersion = 1;
	classes = {
	};
	objectVersion = 56;
	objects = {

/* Begin PBXBuildFile section */
		4C629712F1C4F0A82814B6B0 /* Pods_YaSchool_YaSchoolUITests.framework in Frameworks */ = {isa = PBXBuildFile; fileRef = C1DF667CFAAC6FC2B3F138DC /* Pods_YaSchool_YaSchoolUITests.framework */; };
		8EE2EDF1AE72A0063BE7DC61 /* Pods_YaSchool.framework in Frameworks */ = {isa = PBXBuildFile; fileRef = F580636ABA4DC807BA1E8D7D /* Pods_YaSchool.framework */; };
		AD0BE4002A62CF520090C6C9 /* TaskDetailsView.swift in Sources */ = {isa = PBXBuildFile; fileRef = AD0BE3FF2A62CF520090C6C9 /* TaskDetailsView.swift */; };
		AD0C919F2A48BEAB001250D6 /* FileCache in Frameworks */ = {isa = PBXBuildFile; productRef = AD0C919E2A48BEAB001250D6 /* FileCache */; };
		AD12705D2A59822A00FFB25E /* ViewController.swift in Sources */ = {isa = PBXBuildFile; fileRef = AD12705C2A59822A00FFB25E /* ViewController.swift */; };
		AD3E75A62A3F2CC300985ECA /* Date+extensions.swift in Sources */ = {isa = PBXBuildFile; fileRef = AD3E75A52A3F2CC300985ECA /* Date+extensions.swift */; };
		AD5107862A62AF5C00C055DC /* YaSchoolSUIApp.swift in Sources */ = {isa = PBXBuildFile; fileRef = AD5107852A62AF5C00C055DC /* YaSchoolSUIApp.swift */; };
		AD5107882A62AF5C00C055DC /* ContentView.swift in Sources */ = {isa = PBXBuildFile; fileRef = AD5107872A62AF5C00C055DC /* ContentView.swift */; };
		AD51078A2A62AF5D00C055DC /* Assets.xcassets in Resources */ = {isa = PBXBuildFile; fileRef = AD5107892A62AF5D00C055DC /* Assets.xcassets */; };
		AD51078D2A62AF5D00C055DC /* Preview Assets.xcassets in Resources */ = {isa = PBXBuildFile; fileRef = AD51078C2A62AF5D00C055DC /* Preview Assets.xcassets */; };
		AD5107922A62B0A700C055DC /* FileCache in Frameworks */ = {isa = PBXBuildFile; productRef = AD5107912A62B0A700C055DC /* FileCache */; };
		AD5107942A62B0B800C055DC /* MockData.swift in Sources */ = {isa = PBXBuildFile; fileRef = AD5107932A62B0B800C055DC /* MockData.swift */; };
		AD5107962A62B19F00C055DC /* CellView.swift in Sources */ = {isa = PBXBuildFile; fileRef = AD5107952A62B19F00C055DC /* CellView.swift */; };
		AD69078D2A34946500E32AEA /* AppDelegate.swift in Sources */ = {isa = PBXBuildFile; fileRef = AD69078C2A34946500E32AEA /* AppDelegate.swift */; };
		AD69078F2A34946500E32AEA /* SceneDelegate.swift in Sources */ = {isa = PBXBuildFile; fileRef = AD69078E2A34946500E32AEA /* SceneDelegate.swift */; };
		AD6907962A34946600E32AEA /* Assets.xcassets in Resources */ = {isa = PBXBuildFile; fileRef = AD6907952A34946600E32AEA /* Assets.xcassets */; };
		AD6907992A34946600E32AEA /* LaunchScreen.storyboard in Resources */ = {isa = PBXBuildFile; fileRef = AD6907972A34946600E32AEA /* LaunchScreen.storyboard */; };
		AD6907A42A34946600E32AEA /* YaSchoolTests.swift in Sources */ = {isa = PBXBuildFile; fileRef = AD6907A32A34946600E32AEA /* YaSchoolTests.swift */; };
		AD6907AE2A34946600E32AEA /* YaSchoolUITests.swift in Sources */ = {isa = PBXBuildFile; fileRef = AD6907AD2A34946600E32AEA /* YaSchoolUITests.swift */; };
		AD6907B02A34946600E32AEA /* YaSchoolUITestsLaunchTests.swift in Sources */ = {isa = PBXBuildFile; fileRef = AD6907AF2A34946600E32AEA /* YaSchoolUITestsLaunchTests.swift */; };
		AD8D03472A54AE0D00DCF92F /* TaskDetailsPresenter.swift in Sources */ = {isa = PBXBuildFile; fileRef = AD8D03462A54AE0D00DCF92F /* TaskDetailsPresenter.swift */; };
		AD96E91B2A516EAC00AC8952 /* URLSession+extensions.swift in Sources */ = {isa = PBXBuildFile; fileRef = AD96E91A2A516EAC00AC8952 /* URLSession+extensions.swift */; };
		AD96E9222A51B10C00AC8952 /* Networking.swift in Sources */ = {isa = PBXBuildFile; fileRef = AD96E9202A51B10C00AC8952 /* Networking.swift */; };
		AD96E9252A51CA1300AC8952 /* RevisionStorage.swift in Sources */ = {isa = PBXBuildFile; fileRef = AD96E9242A51CA1300AC8952 /* RevisionStorage.swift */; };
		ADCF374E2A484057004D8347 /* CustomViewCell.swift in Sources */ = {isa = PBXBuildFile; fileRef = ADCF374D2A484057004D8347 /* CustomViewCell.swift */; };
		ADCF375A2A485B8C004D8347 /* TodoListAssembly.swift in Sources */ = {isa = PBXBuildFile; fileRef = ADCF37512A485B8C004D8347 /* TodoListAssembly.swift */; };
		ADCF375B2A485B8C004D8347 /* TodoListContracts.swift in Sources */ = {isa = PBXBuildFile; fileRef = ADCF37532A485B8C004D8347 /* TodoListContracts.swift */; };
		ADCF375C2A485B8C004D8347 /* TodoListPresenter.swift in Sources */ = {isa = PBXBuildFile; fileRef = ADCF37552A485B8C004D8347 /* TodoListPresenter.swift */; };
		ADCF375D2A485B8C004D8347 /* TodoListViewController.swift in Sources */ = {isa = PBXBuildFile; fileRef = ADCF37572A485B8C004D8347 /* TodoListViewController.swift */; };
		ADCF375E2A485B8C004D8347 /* TodoListInteractor.swift in Sources */ = {isa = PBXBuildFile; fileRef = ADCF37592A485B8C004D8347 /* TodoListInteractor.swift */; };
		ADCF37612A48A799004D8347 /* CocoaLumberjack in Frameworks */ = {isa = PBXBuildFile; productRef = ADCF37602A48A799004D8347 /* CocoaLumberjack */; };
		ADCF37632A48A799004D8347 /* CocoaLumberjackSwift in Frameworks */ = {isa = PBXBuildFile; productRef = ADCF37622A48A799004D8347 /* CocoaLumberjackSwift */; };
		ADCF37652A48A799004D8347 /* CocoaLumberjackSwiftLogBackend in Frameworks */ = {isa = PBXBuildFile; productRef = ADCF37642A48A799004D8347 /* CocoaLumberjackSwiftLogBackend */; };
		ADDB0D3F2A3EF8D600A8BEBD /* TaskDetailsAssembly.swift in Sources */ = {isa = PBXBuildFile; fileRef = ADDB0D362A3EF8D600A8BEBD /* TaskDetailsAssembly.swift */; };
		ADDB0D402A3EF8D600A8BEBD /* TaskDetailsContracts.swift in Sources */ = {isa = PBXBuildFile; fileRef = ADDB0D382A3EF8D600A8BEBD /* TaskDetailsContracts.swift */; };
		ADDB0D422A3EF8D600A8BEBD /* TaskDetailsViewController.swift in Sources */ = {isa = PBXBuildFile; fileRef = ADDB0D3C2A3EF8D600A8BEBD /* TaskDetailsViewController.swift */; };
		ADDB0D4C2A3EF8F600A8BEBD /* TaskCoordinator.swift in Sources */ = {isa = PBXBuildFile; fileRef = ADDB0D452A3EF8F500A8BEBD /* TaskCoordinator.swift */; };
		ADDB0D4E2A3EF8F600A8BEBD /* TaskCoordinatorType.swift in Sources */ = {isa = PBXBuildFile; fileRef = ADDB0D472A3EF8F500A8BEBD /* TaskCoordinatorType.swift */; };
		ADDB0D552A3EFB0300A8BEBD /* CoordinateType.swift in Sources */ = {isa = PBXBuildFile; fileRef = ADDB0D542A3EFB0300A8BEBD /* CoordinateType.swift */; };
		ADDB0D5E2A3F013E00A8BEBD /* FileCacheAssembly.swift in Sources */ = {isa = PBXBuildFile; fileRef = ADDB0D5B2A3F013E00A8BEBD /* FileCacheAssembly.swift */; };
		ADFF77B32A4336C6001F3F31 /* UIColor+extenstions.swift in Sources */ = {isa = PBXBuildFile; fileRef = ADFF77B22A4336C6001F3F31 /* UIColor+extenstions.swift */; };
		ADFF77C12A43371C001F3F31 /* ColorPickerAssembly.swift in Sources */ = {isa = PBXBuildFile; fileRef = ADFF77B82A43371C001F3F31 /* ColorPickerAssembly.swift */; };
		ADFF77C22A43371C001F3F31 /* ColorPickerContracts.swift in Sources */ = {isa = PBXBuildFile; fileRef = ADFF77BA2A43371C001F3F31 /* ColorPickerContracts.swift */; };
		ADFF77C32A43371C001F3F31 /* ColorPickerPresenter.swift in Sources */ = {isa = PBXBuildFile; fileRef = ADFF77BC2A43371C001F3F31 /* ColorPickerPresenter.swift */; };
		ADFF77C42A43371C001F3F31 /* ColorPickerViewController.swift in Sources */ = {isa = PBXBuildFile; fileRef = ADFF77BE2A43371C001F3F31 /* ColorPickerViewController.swift */; };
		ADFF77C92A4347A3001F3F31 /* String+extensions.swift in Sources */ = {isa = PBXBuildFile; fileRef = ADFF77C82A4347A3001F3F31 /* String+extensions.swift */; };
		E5BEB16DD756EB574D9DB333 /* Pods_YaSchoolTests.framework in Frameworks */ = {isa = PBXBuildFile; fileRef = 210C01AABD393A860030B9A6 /* Pods_YaSchoolTests.framework */; };
/* End PBXBuildFile section */

/* Begin PBXContainerItemProxy section */
		AD6907A02A34946600E32AEA /* PBXContainerItemProxy */ = {
			isa = PBXContainerItemProxy;
			containerPortal = AD6907812A34946500E32AEA /* Project object */;
			proxyType = 1;
			remoteGlobalIDString = AD6907882A34946500E32AEA;
			remoteInfo = YaSchool;
		};
		AD6907AA2A34946600E32AEA /* PBXContainerItemProxy */ = {
			isa = PBXContainerItemProxy;
			containerPortal = AD6907812A34946500E32AEA /* Project object */;
			proxyType = 1;
			remoteGlobalIDString = AD6907882A34946500E32AEA;
			remoteInfo = YaSchool;
		};
/* End PBXContainerItemProxy section */

/* Begin PBXFileReference section */
		210C01AABD393A860030B9A6 /* Pods_YaSchoolTests.framework */ = {isa = PBXFileReference; explicitFileType = wrapper.framework; includeInIndex = 0; path = Pods_YaSchoolTests.framework; sourceTree = BUILT_PRODUCTS_DIR; };
		3B5AA9D633AD7D536C7DC99E /* Pods-YaSchoolTests.release.xcconfig */ = {isa = PBXFileReference; includeInIndex = 1; lastKnownFileType = text.xcconfig; name = "Pods-YaSchoolTests.release.xcconfig"; path = "Target Support Files/Pods-YaSchoolTests/Pods-YaSchoolTests.release.xcconfig"; sourceTree = "<group>"; };
		42672A654FA8BCD5620BBC43 /* Pods-YaSchoolTests.debug.xcconfig */ = {isa = PBXFileReference; includeInIndex = 1; lastKnownFileType = text.xcconfig; name = "Pods-YaSchoolTests.debug.xcconfig"; path = "Target Support Files/Pods-YaSchoolTests/Pods-YaSchoolTests.debug.xcconfig"; sourceTree = "<group>"; };
		7F81FCEBE984D2A085620DD9 /* Pods-YaSchool.release.xcconfig */ = {isa = PBXFileReference; includeInIndex = 1; lastKnownFileType = text.xcconfig; name = "Pods-YaSchool.release.xcconfig"; path = "Target Support Files/Pods-YaSchool/Pods-YaSchool.release.xcconfig"; sourceTree = "<group>"; };
		A6A9DE602E3EDCB584F08C0C /* Pods-YaSchool.debug.xcconfig */ = {isa = PBXFileReference; includeInIndex = 1; lastKnownFileType = text.xcconfig; name = "Pods-YaSchool.debug.xcconfig"; path = "Target Support Files/Pods-YaSchool/Pods-YaSchool.debug.xcconfig"; sourceTree = "<group>"; };
		AD0BE3FF2A62CF520090C6C9 /* TaskDetailsView.swift */ = {isa = PBXFileReference; lastKnownFileType = sourcecode.swift; path = TaskDetailsView.swift; sourceTree = "<group>"; };
		AD0C919D2A48BEA2001250D6 /* FileCache */ = {isa = PBXFileReference; lastKnownFileType = wrapper; path = FileCache; sourceTree = "<group>"; };
		AD12705C2A59822A00FFB25E /* ViewController.swift */ = {isa = PBXFileReference; lastKnownFileType = sourcecode.swift; path = ViewController.swift; sourceTree = "<group>"; };
		AD3E75A52A3F2CC300985ECA /* Date+extensions.swift */ = {isa = PBXFileReference; lastKnownFileType = sourcecode.swift; path = "Date+extensions.swift"; sourceTree = "<group>"; };
		AD5107832A62AF5C00C055DC /* YaSchoolSUI.app */ = {isa = PBXFileReference; explicitFileType = wrapper.application; includeInIndex = 0; path = YaSchoolSUI.app; sourceTree = BUILT_PRODUCTS_DIR; };
		AD5107852A62AF5C00C055DC /* YaSchoolSUIApp.swift */ = {isa = PBXFileReference; lastKnownFileType = sourcecode.swift; path = YaSchoolSUIApp.swift; sourceTree = "<group>"; };
		AD5107872A62AF5C00C055DC /* ContentView.swift */ = {isa = PBXFileReference; lastKnownFileType = sourcecode.swift; path = ContentView.swift; sourceTree = "<group>"; };
		AD5107892A62AF5D00C055DC /* Assets.xcassets */ = {isa = PBXFileReference; lastKnownFileType = folder.assetcatalog; path = Assets.xcassets; sourceTree = "<group>"; };
		AD51078C2A62AF5D00C055DC /* Preview Assets.xcassets */ = {isa = PBXFileReference; lastKnownFileType = folder.assetcatalog; path = "Preview Assets.xcassets"; sourceTree = "<group>"; };
		AD5107932A62B0B800C055DC /* MockData.swift */ = {isa = PBXFileReference; lastKnownFileType = sourcecode.swift; path = MockData.swift; sourceTree = "<group>"; };
		AD5107952A62B19F00C055DC /* CellView.swift */ = {isa = PBXFileReference; lastKnownFileType = sourcecode.swift; path = CellView.swift; sourceTree = "<group>"; };
		AD6907892A34946500E32AEA /* YaSchool.app */ = {isa = PBXFileReference; explicitFileType = wrapper.application; includeInIndex = 0; path = YaSchool.app; sourceTree = BUILT_PRODUCTS_DIR; };
		AD69078C2A34946500E32AEA /* AppDelegate.swift */ = {isa = PBXFileReference; lastKnownFileType = sourcecode.swift; path = AppDelegate.swift; sourceTree = "<group>"; };
		AD69078E2A34946500E32AEA /* SceneDelegate.swift */ = {isa = PBXFileReference; lastKnownFileType = sourcecode.swift; path = SceneDelegate.swift; sourceTree = "<group>"; };
		AD6907952A34946600E32AEA /* Assets.xcassets */ = {isa = PBXFileReference; lastKnownFileType = folder.assetcatalog; path = Assets.xcassets; sourceTree = "<group>"; };
		AD6907982A34946600E32AEA /* Base */ = {isa = PBXFileReference; lastKnownFileType = file.storyboard; name = Base; path = Base.lproj/LaunchScreen.storyboard; sourceTree = "<group>"; };
		AD69079A2A34946600E32AEA /* Info.plist */ = {isa = PBXFileReference; lastKnownFileType = text.plist.xml; path = Info.plist; sourceTree = "<group>"; };
		AD69079F2A34946600E32AEA /* YaSchoolTests.xctest */ = {isa = PBXFileReference; explicitFileType = wrapper.cfbundle; includeInIndex = 0; path = YaSchoolTests.xctest; sourceTree = BUILT_PRODUCTS_DIR; };
		AD6907A32A34946600E32AEA /* YaSchoolTests.swift */ = {isa = PBXFileReference; lastKnownFileType = sourcecode.swift; path = YaSchoolTests.swift; sourceTree = "<group>"; };
		AD6907A92A34946600E32AEA /* YaSchoolUITests.xctest */ = {isa = PBXFileReference; explicitFileType = wrapper.cfbundle; includeInIndex = 0; path = YaSchoolUITests.xctest; sourceTree = BUILT_PRODUCTS_DIR; };
		AD6907AD2A34946600E32AEA /* YaSchoolUITests.swift */ = {isa = PBXFileReference; lastKnownFileType = sourcecode.swift; path = YaSchoolUITests.swift; sourceTree = "<group>"; };
		AD6907AF2A34946600E32AEA /* YaSchoolUITestsLaunchTests.swift */ = {isa = PBXFileReference; lastKnownFileType = sourcecode.swift; path = YaSchoolUITestsLaunchTests.swift; sourceTree = "<group>"; };
		AD8D03462A54AE0D00DCF92F /* TaskDetailsPresenter.swift */ = {isa = PBXFileReference; fileEncoding = 4; lastKnownFileType = sourcecode.swift; path = TaskDetailsPresenter.swift; sourceTree = "<group>"; };
		AD96E91A2A516EAC00AC8952 /* URLSession+extensions.swift */ = {isa = PBXFileReference; lastKnownFileType = sourcecode.swift; path = "URLSession+extensions.swift"; sourceTree = "<group>"; };
		AD96E9202A51B10C00AC8952 /* Networking.swift */ = {isa = PBXFileReference; fileEncoding = 4; lastKnownFileType = sourcecode.swift; path = Networking.swift; sourceTree = "<group>"; };
		AD96E9242A51CA1300AC8952 /* RevisionStorage.swift */ = {isa = PBXFileReference; lastKnownFileType = sourcecode.swift; path = RevisionStorage.swift; sourceTree = "<group>"; };
		ADCF374D2A484057004D8347 /* CustomViewCell.swift */ = {isa = PBXFileReference; lastKnownFileType = sourcecode.swift; path = CustomViewCell.swift; sourceTree = "<group>"; };
		ADCF37512A485B8C004D8347 /* TodoListAssembly.swift */ = {isa = PBXFileReference; fileEncoding = 4; lastKnownFileType = sourcecode.swift; path = TodoListAssembly.swift; sourceTree = "<group>"; };
		ADCF37532A485B8C004D8347 /* TodoListContracts.swift */ = {isa = PBXFileReference; fileEncoding = 4; lastKnownFileType = sourcecode.swift; path = TodoListContracts.swift; sourceTree = "<group>"; };
		ADCF37552A485B8C004D8347 /* TodoListPresenter.swift */ = {isa = PBXFileReference; fileEncoding = 4; lastKnownFileType = sourcecode.swift; path = TodoListPresenter.swift; sourceTree = "<group>"; };
		ADCF37572A485B8C004D8347 /* TodoListViewController.swift */ = {isa = PBXFileReference; fileEncoding = 4; lastKnownFileType = sourcecode.swift; path = TodoListViewController.swift; sourceTree = "<group>"; };
		ADCF37592A485B8C004D8347 /* TodoListInteractor.swift */ = {isa = PBXFileReference; fileEncoding = 4; lastKnownFileType = sourcecode.swift; path = TodoListInteractor.swift; sourceTree = "<group>"; };
		ADDB0D362A3EF8D600A8BEBD /* TaskDetailsAssembly.swift */ = {isa = PBXFileReference; fileEncoding = 4; lastKnownFileType = sourcecode.swift; path = TaskDetailsAssembly.swift; sourceTree = "<group>"; };
		ADDB0D382A3EF8D600A8BEBD /* TaskDetailsContracts.swift */ = {isa = PBXFileReference; fileEncoding = 4; lastKnownFileType = sourcecode.swift; path = TaskDetailsContracts.swift; sourceTree = "<group>"; };
		ADDB0D3C2A3EF8D600A8BEBD /* TaskDetailsViewController.swift */ = {isa = PBXFileReference; fileEncoding = 4; lastKnownFileType = sourcecode.swift; path = TaskDetailsViewController.swift; sourceTree = "<group>"; };
		ADDB0D452A3EF8F500A8BEBD /* TaskCoordinator.swift */ = {isa = PBXFileReference; fileEncoding = 4; lastKnownFileType = sourcecode.swift; path = TaskCoordinator.swift; sourceTree = "<group>"; };
		ADDB0D472A3EF8F500A8BEBD /* TaskCoordinatorType.swift */ = {isa = PBXFileReference; fileEncoding = 4; lastKnownFileType = sourcecode.swift; path = TaskCoordinatorType.swift; sourceTree = "<group>"; };
		ADDB0D542A3EFB0300A8BEBD /* CoordinateType.swift */ = {isa = PBXFileReference; lastKnownFileType = sourcecode.swift; path = CoordinateType.swift; sourceTree = "<group>"; };
		ADDB0D5B2A3F013E00A8BEBD /* FileCacheAssembly.swift */ = {isa = PBXFileReference; fileEncoding = 4; lastKnownFileType = sourcecode.swift; path = FileCacheAssembly.swift; sourceTree = "<group>"; };
		ADFF77B22A4336C6001F3F31 /* UIColor+extenstions.swift */ = {isa = PBXFileReference; lastKnownFileType = sourcecode.swift; path = "UIColor+extenstions.swift"; sourceTree = "<group>"; };
		ADFF77B82A43371C001F3F31 /* ColorPickerAssembly.swift */ = {isa = PBXFileReference; fileEncoding = 4; lastKnownFileType = sourcecode.swift; path = ColorPickerAssembly.swift; sourceTree = "<group>"; };
		ADFF77BA2A43371C001F3F31 /* ColorPickerContracts.swift */ = {isa = PBXFileReference; fileEncoding = 4; lastKnownFileType = sourcecode.swift; path = ColorPickerContracts.swift; sourceTree = "<group>"; };
		ADFF77BC2A43371C001F3F31 /* ColorPickerPresenter.swift */ = {isa = PBXFileReference; fileEncoding = 4; lastKnownFileType = sourcecode.swift; path = ColorPickerPresenter.swift; sourceTree = "<group>"; };
		ADFF77BE2A43371C001F3F31 /* ColorPickerViewController.swift */ = {isa = PBXFileReference; fileEncoding = 4; lastKnownFileType = sourcecode.swift; path = ColorPickerViewController.swift; sourceTree = "<group>"; };
		ADFF77C82A4347A3001F3F31 /* String+extensions.swift */ = {isa = PBXFileReference; lastKnownFileType = sourcecode.swift; path = "String+extensions.swift"; sourceTree = "<group>"; };
		BA266D18C280C4772FC9BAA0 /* Pods-YaSchool-YaSchoolUITests.release.xcconfig */ = {isa = PBXFileReference; includeInIndex = 1; lastKnownFileType = text.xcconfig; name = "Pods-YaSchool-YaSchoolUITests.release.xcconfig"; path = "Target Support Files/Pods-YaSchool-YaSchoolUITests/Pods-YaSchool-YaSchoolUITests.release.xcconfig"; sourceTree = "<group>"; };
		C00498F309BC470419DBF057 /* Pods-YaSchool-YaSchoolUITests.debug.xcconfig */ = {isa = PBXFileReference; includeInIndex = 1; lastKnownFileType = text.xcconfig; name = "Pods-YaSchool-YaSchoolUITests.debug.xcconfig"; path = "Target Support Files/Pods-YaSchool-YaSchoolUITests/Pods-YaSchool-YaSchoolUITests.debug.xcconfig"; sourceTree = "<group>"; };
		C1DF667CFAAC6FC2B3F138DC /* Pods_YaSchool_YaSchoolUITests.framework */ = {isa = PBXFileReference; explicitFileType = wrapper.framework; includeInIndex = 0; path = Pods_YaSchool_YaSchoolUITests.framework; sourceTree = BUILT_PRODUCTS_DIR; };
		F580636ABA4DC807BA1E8D7D /* Pods_YaSchool.framework */ = {isa = PBXFileReference; explicitFileType = wrapper.framework; includeInIndex = 0; path = Pods_YaSchool.framework; sourceTree = BUILT_PRODUCTS_DIR; };
/* End PBXFileReference section */

/* Begin PBXFrameworksBuildPhase section */
		AD5107802A62AF5C00C055DC /* Frameworks */ = {
			isa = PBXFrameworksBuildPhase;
			buildActionMask = 2147483647;
			files = (
				AD5107922A62B0A700C055DC /* FileCache in Frameworks */,
			);
			runOnlyForDeploymentPostprocessing = 0;
		};
		AD6907862A34946500E32AEA /* Frameworks */ = {
			isa = PBXFrameworksBuildPhase;
			buildActionMask = 2147483647;
			files = (
				AD0C919F2A48BEAB001250D6 /* FileCache in Frameworks */,
				ADCF37632A48A799004D8347 /* CocoaLumberjackSwift in Frameworks */,
				ADCF37652A48A799004D8347 /* CocoaLumberjackSwiftLogBackend in Frameworks */,
				ADCF37612A48A799004D8347 /* CocoaLumberjack in Frameworks */,
				8EE2EDF1AE72A0063BE7DC61 /* Pods_YaSchool.framework in Frameworks */,
			);
			runOnlyForDeploymentPostprocessing = 0;
		};
		AD69079C2A34946600E32AEA /* Frameworks */ = {
			isa = PBXFrameworksBuildPhase;
			buildActionMask = 2147483647;
			files = (
				E5BEB16DD756EB574D9DB333 /* Pods_YaSchoolTests.framework in Frameworks */,
			);
			runOnlyForDeploymentPostprocessing = 0;
		};
		AD6907A62A34946600E32AEA /* Frameworks */ = {
			isa = PBXFrameworksBuildPhase;
			buildActionMask = 2147483647;
			files = (
				4C629712F1C4F0A82814B6B0 /* Pods_YaSchool_YaSchoolUITests.framework in Frameworks */,
			);
			runOnlyForDeploymentPostprocessing = 0;
		};
/* End PBXFrameworksBuildPhase section */

/* Begin PBXGroup section */
		02F7965CBC409B2A9422D3ED /* Pods */ = {
			isa = PBXGroup;
			children = (
				A6A9DE602E3EDCB584F08C0C /* Pods-YaSchool.debug.xcconfig */,
				7F81FCEBE984D2A085620DD9 /* Pods-YaSchool.release.xcconfig */,
				C00498F309BC470419DBF057 /* Pods-YaSchool-YaSchoolUITests.debug.xcconfig */,
				BA266D18C280C4772FC9BAA0 /* Pods-YaSchool-YaSchoolUITests.release.xcconfig */,
				42672A654FA8BCD5620BBC43 /* Pods-YaSchoolTests.debug.xcconfig */,
				3B5AA9D633AD7D536C7DC99E /* Pods-YaSchoolTests.release.xcconfig */,
			);
			path = Pods;
			sourceTree = "<group>";
		};
		50F9F8D4823B8B2F414C41FF /* Frameworks */ = {
			isa = PBXGroup;
			children = (
				F580636ABA4DC807BA1E8D7D /* Pods_YaSchool.framework */,
				C1DF667CFAAC6FC2B3F138DC /* Pods_YaSchool_YaSchoolUITests.framework */,
				210C01AABD393A860030B9A6 /* Pods_YaSchoolTests.framework */,
			);
			name = Frameworks;
			sourceTree = "<group>";
		};
		AD3E75A42A3F2CB000985ECA /* Extensions */ = {
			isa = PBXGroup;
			children = (
				AD3E75A52A3F2CC300985ECA /* Date+extensions.swift */,
				ADFF77B22A4336C6001F3F31 /* UIColor+extenstions.swift */,
				ADFF77C82A4347A3001F3F31 /* String+extensions.swift */,
				AD96E91A2A516EAC00AC8952 /* URLSession+extensions.swift */,
			);
			path = Extensions;
			sourceTree = "<group>";
		};
		AD5107842A62AF5C00C055DC /* YaSchoolSUI */ = {
			isa = PBXGroup;
			children = (
				AD5107852A62AF5C00C055DC /* YaSchoolSUIApp.swift */,
				AD5107872A62AF5C00C055DC /* ContentView.swift */,
				AD5107892A62AF5D00C055DC /* Assets.xcassets */,
				AD51078B2A62AF5D00C055DC /* Preview Content */,
				AD5107932A62B0B800C055DC /* MockData.swift */,
				AD5107952A62B19F00C055DC /* CellView.swift */,
				AD0BE3FF2A62CF520090C6C9 /* TaskDetailsView.swift */,
			);
			path = YaSchoolSUI;
			sourceTree = "<group>";
		};
		AD51078B2A62AF5D00C055DC /* Preview Content */ = {
			isa = PBXGroup;
			children = (
				AD51078C2A62AF5D00C055DC /* Preview Assets.xcassets */,
			);
			path = "Preview Content";
			sourceTree = "<group>";
		};
		AD6907802A34946500E32AEA = {
			isa = PBXGroup;
			children = (
				AD0C919D2A48BEA2001250D6 /* FileCache */,
				AD69078B2A34946500E32AEA /* YaSchool */,
				AD6907A22A34946600E32AEA /* YaSchoolTests */,
				AD6907AC2A34946600E32AEA /* YaSchoolUITests */,
				AD5107842A62AF5C00C055DC /* YaSchoolSUI */,
				AD69078A2A34946500E32AEA /* Products */,
				02F7965CBC409B2A9422D3ED /* Pods */,
				50F9F8D4823B8B2F414C41FF /* Frameworks */,
			);
			sourceTree = "<group>";
		};
		AD69078A2A34946500E32AEA /* Products */ = {
			isa = PBXGroup;
			children = (
				AD6907892A34946500E32AEA /* YaSchool.app */,
				AD69079F2A34946600E32AEA /* YaSchoolTests.xctest */,
				AD6907A92A34946600E32AEA /* YaSchoolUITests.xctest */,
				AD5107832A62AF5C00C055DC /* YaSchoolSUI.app */,
			);
			name = Products;
			sourceTree = "<group>";
		};
		AD69078B2A34946500E32AEA /* YaSchool */ = {
			isa = PBXGroup;
			children = (
				AD3E75A42A3F2CB000985ECA /* Extensions */,
				ADDB0D522A3EF90D00A8BEBD /* Coordinators */,
				ADDB0D332A3EF8B300A8BEBD /* Modules */,
				AD6907C32A34A7C400E32AEA /* Services */,
				AD69078C2A34946500E32AEA /* AppDelegate.swift */,
				AD69078E2A34946500E32AEA /* SceneDelegate.swift */,
				AD6907952A34946600E32AEA /* Assets.xcassets */,
				AD6907972A34946600E32AEA /* LaunchScreen.storyboard */,
				AD69079A2A34946600E32AEA /* Info.plist */,
			);
			path = YaSchool;
			sourceTree = "<group>";
		};
		AD6907A22A34946600E32AEA /* YaSchoolTests */ = {
			isa = PBXGroup;
			children = (
				AD6907A32A34946600E32AEA /* YaSchoolTests.swift */,
			);
			path = YaSchoolTests;
			sourceTree = "<group>";
		};
		AD6907AC2A34946600E32AEA /* YaSchoolUITests */ = {
			isa = PBXGroup;
			children = (
				AD6907AD2A34946600E32AEA /* YaSchoolUITests.swift */,
				AD6907AF2A34946600E32AEA /* YaSchoolUITestsLaunchTests.swift */,
			);
			path = YaSchoolUITests;
			sourceTree = "<group>";
		};
		AD6907C32A34A7C400E32AEA /* Services */ = {
			isa = PBXGroup;
			children = (
				AD96E9262A52099A00AC8952 /* NetworkingService */,
				ADDB0D592A3F013E00A8BEBD /* FileCache */,
			);
			path = Services;
			sourceTree = "<group>";
		};
		AD96E9262A52099A00AC8952 /* NetworkingService */ = {
			isa = PBXGroup;
			children = (
				AD96E9202A51B10C00AC8952 /* Networking.swift */,
				AD96E9242A51CA1300AC8952 /* RevisionStorage.swift */,
			);
			path = NetworkingService;
			sourceTree = "<group>";
		};
		ADCF374F2A485B8C004D8347 /* TodoList */ = {
			isa = PBXGroup;
			children = (
				ADCF37502A485B8C004D8347 /* Assembly */,
				ADCF37522A485B8C004D8347 /* Contracts */,
				ADCF37542A485B8C004D8347 /* Presenter */,
				ADCF37562A485B8C004D8347 /* View */,
				ADCF37582A485B8C004D8347 /* Interactor */,
			);
			path = TodoList;
			sourceTree = "<group>";
		};
		ADCF37502A485B8C004D8347 /* Assembly */ = {
			isa = PBXGroup;
			children = (
				ADCF37512A485B8C004D8347 /* TodoListAssembly.swift */,
			);
			path = Assembly;
			sourceTree = "<group>";
		};
		ADCF37522A485B8C004D8347 /* Contracts */ = {
			isa = PBXGroup;
			children = (
				ADCF37532A485B8C004D8347 /* TodoListContracts.swift */,
			);
			path = Contracts;
			sourceTree = "<group>";
		};
		ADCF37542A485B8C004D8347 /* Presenter */ = {
			isa = PBXGroup;
			children = (
				ADCF37552A485B8C004D8347 /* TodoListPresenter.swift */,
			);
			path = Presenter;
			sourceTree = "<group>";
		};
		ADCF37562A485B8C004D8347 /* View */ = {
			isa = PBXGroup;
			children = (
				ADCF37572A485B8C004D8347 /* TodoListViewController.swift */,
			);
			path = View;
			sourceTree = "<group>";
		};
		ADCF37582A485B8C004D8347 /* Interactor */ = {
			isa = PBXGroup;
			children = (
				ADCF37592A485B8C004D8347 /* TodoListInteractor.swift */,
			);
			path = Interactor;
			sourceTree = "<group>";
		};
		ADDB0D332A3EF8B300A8BEBD /* Modules */ = {
			isa = PBXGroup;
			children = (
				ADCF374F2A485B8C004D8347 /* TodoList */,
				ADFF77B62A43371C001F3F31 /* ColorPicker */,
				ADDB0D342A3EF8D600A8BEBD /* TaskDetails */,
				ADCF374D2A484057004D8347 /* CustomViewCell.swift */,
				AD12705C2A59822A00FFB25E /* ViewController.swift */,
			);
			path = Modules;
			sourceTree = "<group>";
		};
		ADDB0D342A3EF8D600A8BEBD /* TaskDetails */ = {
			isa = PBXGroup;
			children = (
				ADDB0D352A3EF8D600A8BEBD /* Assembly */,
				ADDB0D372A3EF8D600A8BEBD /* Contracts */,
				ADDB0D392A3EF8D600A8BEBD /* Presenter */,
				ADDB0D3B2A3EF8D600A8BEBD /* View */,
			);
			path = TaskDetails;
			sourceTree = "<group>";
		};
		ADDB0D352A3EF8D600A8BEBD /* Assembly */ = {
			isa = PBXGroup;
			children = (
				ADDB0D362A3EF8D600A8BEBD /* TaskDetailsAssembly.swift */,
			);
			path = Assembly;
			sourceTree = "<group>";
		};
		ADDB0D372A3EF8D600A8BEBD /* Contracts */ = {
			isa = PBXGroup;
			children = (
				ADDB0D382A3EF8D600A8BEBD /* TaskDetailsContracts.swift */,
			);
			path = Contracts;
			sourceTree = "<group>";
		};
		ADDB0D392A3EF8D600A8BEBD /* Presenter */ = {
			isa = PBXGroup;
			children = (
				AD8D03462A54AE0D00DCF92F /* TaskDetailsPresenter.swift */,
			);
			path = Presenter;
			sourceTree = "<group>";
		};
		ADDB0D3B2A3EF8D600A8BEBD /* View */ = {
			isa = PBXGroup;
			children = (
				ADDB0D3C2A3EF8D600A8BEBD /* TaskDetailsViewController.swift */,
			);
			path = View;
			sourceTree = "<group>";
		};
		ADDB0D442A3EF8F500A8BEBD /* TaskCoordinator */ = {
			isa = PBXGroup;
			children = (
				ADDB0D452A3EF8F500A8BEBD /* TaskCoordinator.swift */,
				ADDB0D472A3EF8F500A8BEBD /* TaskCoordinatorType.swift */,
			);
			path = TaskCoordinator;
			sourceTree = "<group>";
		};
		ADDB0D522A3EF90D00A8BEBD /* Coordinators */ = {
			isa = PBXGroup;
			children = (
				ADDB0D542A3EFB0300A8BEBD /* CoordinateType.swift */,
				ADDB0D442A3EF8F500A8BEBD /* TaskCoordinator */,
			);
			path = Coordinators;
			sourceTree = "<group>";
		};
		ADDB0D592A3F013E00A8BEBD /* FileCache */ = {
			isa = PBXGroup;
			children = (
				ADDB0D5B2A3F013E00A8BEBD /* FileCacheAssembly.swift */,
			);
			path = FileCache;
			sourceTree = "<group>";
		};
		ADFF77B62A43371C001F3F31 /* ColorPicker */ = {
			isa = PBXGroup;
			children = (
				ADFF77B72A43371C001F3F31 /* Assembly */,
				ADFF77B92A43371C001F3F31 /* Contracts */,
				ADFF77BB2A43371C001F3F31 /* Presenter */,
				ADFF77BD2A43371C001F3F31 /* View */,
			);
			path = ColorPicker;
			sourceTree = "<group>";
		};
		ADFF77B72A43371C001F3F31 /* Assembly */ = {
			isa = PBXGroup;
			children = (
				ADFF77B82A43371C001F3F31 /* ColorPickerAssembly.swift */,
			);
			path = Assembly;
			sourceTree = "<group>";
		};
		ADFF77B92A43371C001F3F31 /* Contracts */ = {
			isa = PBXGroup;
			children = (
				ADFF77BA2A43371C001F3F31 /* ColorPickerContracts.swift */,
			);
			path = Contracts;
			sourceTree = "<group>";
		};
		ADFF77BB2A43371C001F3F31 /* Presenter */ = {
			isa = PBXGroup;
			children = (
				ADFF77BC2A43371C001F3F31 /* ColorPickerPresenter.swift */,
			);
			path = Presenter;
			sourceTree = "<group>";
		};
		ADFF77BD2A43371C001F3F31 /* View */ = {
			isa = PBXGroup;
			children = (
				ADFF77BE2A43371C001F3F31 /* ColorPickerViewController.swift */,
			);
			path = View;
			sourceTree = "<group>";
		};
/* End PBXGroup section */

/* Begin PBXNativeTarget section */
		AD5107822A62AF5C00C055DC /* YaSchoolSUI */ = {
			isa = PBXNativeTarget;
			buildConfigurationList = AD5107902A62AF5D00C055DC /* Build configuration list for PBXNativeTarget "YaSchoolSUI" */;
			buildPhases = (
				AD51077F2A62AF5C00C055DC /* Sources */,
				AD5107802A62AF5C00C055DC /* Frameworks */,
				AD5107812A62AF5C00C055DC /* Resources */,
			);
			buildRules = (
			);
			dependencies = (
			);
			name = YaSchoolSUI;
			packageProductDependencies = (
				AD5107912A62B0A700C055DC /* FileCache */,
			);
			productName = YaSchoolSUI;
			productReference = AD5107832A62AF5C00C055DC /* YaSchoolSUI.app */;
			productType = "com.apple.product-type.application";
		};
		AD6907882A34946500E32AEA /* YaSchool */ = {
			isa = PBXNativeTarget;
			buildConfigurationList = AD6907B32A34946600E32AEA /* Build configuration list for PBXNativeTarget "YaSchool" */;
			buildPhases = (
				ADCF37662A48ABDA004D8347 /* ShellScript */,
				97A2C59AC909A3C0A04ECA29 /* [CP] Check Pods Manifest.lock */,
				AD6907852A34946500E32AEA /* Sources */,
				AD6907862A34946500E32AEA /* Frameworks */,
				AD6907872A34946500E32AEA /* Resources */,
			);
			buildRules = (
			);
			dependencies = (
			);
			name = YaSchool;
			packageProductDependencies = (
				ADCF37602A48A799004D8347 /* CocoaLumberjack */,
				ADCF37622A48A799004D8347 /* CocoaLumberjackSwift */,
				ADCF37642A48A799004D8347 /* CocoaLumberjackSwiftLogBackend */,
				AD0C919E2A48BEAB001250D6 /* FileCache */,
			);
			productName = YaSchool;
			productReference = AD6907892A34946500E32AEA /* YaSchool.app */;
			productType = "com.apple.product-type.application";
		};
		AD69079E2A34946600E32AEA /* YaSchoolTests */ = {
			isa = PBXNativeTarget;
			buildConfigurationList = AD6907B62A34946600E32AEA /* Build configuration list for PBXNativeTarget "YaSchoolTests" */;
			buildPhases = (
				A9A02F605A36BA27C2443453 /* [CP] Check Pods Manifest.lock */,
				AD69079B2A34946600E32AEA /* Sources */,
				AD69079C2A34946600E32AEA /* Frameworks */,
				AD69079D2A34946600E32AEA /* Resources */,
			);
			buildRules = (
			);
			dependencies = (
				AD6907A12A34946600E32AEA /* PBXTargetDependency */,
			);
			name = YaSchoolTests;
			productName = YaSchoolTests;
			productReference = AD69079F2A34946600E32AEA /* YaSchoolTests.xctest */;
			productType = "com.apple.product-type.bundle.unit-test";
		};
		AD6907A82A34946600E32AEA /* YaSchoolUITests */ = {
			isa = PBXNativeTarget;
			buildConfigurationList = AD6907B92A34946600E32AEA /* Build configuration list for PBXNativeTarget "YaSchoolUITests" */;
			buildPhases = (
				3B6B916E0CC97D1F21227FD9 /* [CP] Check Pods Manifest.lock */,
				AD6907A52A34946600E32AEA /* Sources */,
				AD6907A62A34946600E32AEA /* Frameworks */,
				AD6907A72A34946600E32AEA /* Resources */,
			);
			buildRules = (
			);
			dependencies = (
				AD6907AB2A34946600E32AEA /* PBXTargetDependency */,
			);
			name = YaSchoolUITests;
			productName = YaSchoolUITests;
			productReference = AD6907A92A34946600E32AEA /* YaSchoolUITests.xctest */;
			productType = "com.apple.product-type.bundle.ui-testing";
		};
/* End PBXNativeTarget section */

/* Begin PBXProject section */
		AD6907812A34946500E32AEA /* Project object */ = {
			isa = PBXProject;
			attributes = {
				BuildIndependentTargetsInParallel = 1;
				LastSwiftUpdateCheck = 1430;
				LastUpgradeCheck = 1420;
				TargetAttributes = {
					AD5107822A62AF5C00C055DC = {
						CreatedOnToolsVersion = 14.3;
					};
					AD6907882A34946500E32AEA = {
						CreatedOnToolsVersion = 14.2;
					};
					AD69079E2A34946600E32AEA = {
						CreatedOnToolsVersion = 14.2;
						TestTargetID = AD6907882A34946500E32AEA;
					};
					AD6907A82A34946600E32AEA = {
						CreatedOnToolsVersion = 14.2;
						TestTargetID = AD6907882A34946500E32AEA;
					};
				};
			};
			buildConfigurationList = AD6907842A34946500E32AEA /* Build configuration list for PBXProject "YaSchool" */;
			compatibilityVersion = "Xcode 14.0";
			developmentRegion = en;
			hasScannedForEncodings = 0;
			knownRegions = (
				en,
				Base,
			);
			mainGroup = AD6907802A34946500E32AEA;
			packageReferences = (
				ADCF375F2A48A799004D8347 /* XCRemoteSwiftPackageReference "CocoaLumberjack" */,
			);
			productRefGroup = AD69078A2A34946500E32AEA /* Products */;
			projectDirPath = "";
			projectRoot = "";
			targets = (
				AD6907882A34946500E32AEA /* YaSchool */,
				AD69079E2A34946600E32AEA /* YaSchoolTests */,
				AD6907A82A34946600E32AEA /* YaSchoolUITests */,
				AD5107822A62AF5C00C055DC /* YaSchoolSUI */,
			);
		};
/* End PBXProject section */

/* Begin PBXResourcesBuildPhase section */
		AD5107812A62AF5C00C055DC /* Resources */ = {
			isa = PBXResourcesBuildPhase;
			buildActionMask = 2147483647;
			files = (
				AD51078D2A62AF5D00C055DC /* Preview Assets.xcassets in Resources */,
				AD51078A2A62AF5D00C055DC /* Assets.xcassets in Resources */,
			);
			runOnlyForDeploymentPostprocessing = 0;
		};
		AD6907872A34946500E32AEA /* Resources */ = {
			isa = PBXResourcesBuildPhase;
			buildActionMask = 2147483647;
			files = (
				AD6907992A34946600E32AEA /* LaunchScreen.storyboard in Resources */,
				AD6907962A34946600E32AEA /* Assets.xcassets in Resources */,
			);
			runOnlyForDeploymentPostprocessing = 0;
		};
		AD69079D2A34946600E32AEA /* Resources */ = {
			isa = PBXResourcesBuildPhase;
			buildActionMask = 2147483647;
			files = (
			);
			runOnlyForDeploymentPostprocessing = 0;
		};
		AD6907A72A34946600E32AEA /* Resources */ = {
			isa = PBXResourcesBuildPhase;
			buildActionMask = 2147483647;
			files = (
			);
			runOnlyForDeploymentPostprocessing = 0;
		};
/* End PBXResourcesBuildPhase section */

/* Begin PBXShellScriptBuildPhase section */
		3B6B916E0CC97D1F21227FD9 /* [CP] Check Pods Manifest.lock */ = {
			isa = PBXShellScriptBuildPhase;
			buildActionMask = 2147483647;
			files = (
			);
			inputFileListPaths = (
			);
			inputPaths = (
				"${PODS_PODFILE_DIR_PATH}/Podfile.lock",
				"${PODS_ROOT}/Manifest.lock",
			);
			name = "[CP] Check Pods Manifest.lock";
			outputFileListPaths = (
			);
			outputPaths = (
				"$(DERIVED_FILE_DIR)/Pods-YaSchool-YaSchoolUITests-checkManifestLockResult.txt",
			);
			runOnlyForDeploymentPostprocessing = 0;
			shellPath = /bin/sh;
			shellScript = "diff \"${PODS_PODFILE_DIR_PATH}/Podfile.lock\" \"${PODS_ROOT}/Manifest.lock\" > /dev/null\nif [ $? != 0 ] ; then\n    # print error to STDERR\n    echo \"error: The sandbox is not in sync with the Podfile.lock. Run 'pod install' or update your CocoaPods installation.\" >&2\n    exit 1\nfi\n# This output is used by Xcode 'outputs' to avoid re-running this script phase.\necho \"SUCCESS\" > \"${SCRIPT_OUTPUT_FILE_0}\"\n";
			showEnvVarsInLog = 0;
		};
		97A2C59AC909A3C0A04ECA29 /* [CP] Check Pods Manifest.lock */ = {
			isa = PBXShellScriptBuildPhase;
			buildActionMask = 2147483647;
			files = (
			);
			inputFileListPaths = (
			);
			inputPaths = (
				"${PODS_PODFILE_DIR_PATH}/Podfile.lock",
				"${PODS_ROOT}/Manifest.lock",
			);
			name = "[CP] Check Pods Manifest.lock";
			outputFileListPaths = (
			);
			outputPaths = (
				"$(DERIVED_FILE_DIR)/Pods-YaSchool-checkManifestLockResult.txt",
			);
			runOnlyForDeploymentPostprocessing = 0;
			shellPath = /bin/sh;
			shellScript = "diff \"${PODS_PODFILE_DIR_PATH}/Podfile.lock\" \"${PODS_ROOT}/Manifest.lock\" > /dev/null\nif [ $? != 0 ] ; then\n    # print error to STDERR\n    echo \"error: The sandbox is not in sync with the Podfile.lock. Run 'pod install' or update your CocoaPods installation.\" >&2\n    exit 1\nfi\n# This output is used by Xcode 'outputs' to avoid re-running this script phase.\necho \"SUCCESS\" > \"${SCRIPT_OUTPUT_FILE_0}\"\n";
			showEnvVarsInLog = 0;
		};
		A9A02F605A36BA27C2443453 /* [CP] Check Pods Manifest.lock */ = {
			isa = PBXShellScriptBuildPhase;
			buildActionMask = 2147483647;
			files = (
			);
			inputFileListPaths = (
			);
			inputPaths = (
				"${PODS_PODFILE_DIR_PATH}/Podfile.lock",
				"${PODS_ROOT}/Manifest.lock",
			);
			name = "[CP] Check Pods Manifest.lock";
			outputFileListPaths = (
			);
			outputPaths = (
				"$(DERIVED_FILE_DIR)/Pods-YaSchoolTests-checkManifestLockResult.txt",
			);
			runOnlyForDeploymentPostprocessing = 0;
			shellPath = /bin/sh;
			shellScript = "diff \"${PODS_PODFILE_DIR_PATH}/Podfile.lock\" \"${PODS_ROOT}/Manifest.lock\" > /dev/null\nif [ $? != 0 ] ; then\n    # print error to STDERR\n    echo \"error: The sandbox is not in sync with the Podfile.lock. Run 'pod install' or update your CocoaPods installation.\" >&2\n    exit 1\nfi\n# This output is used by Xcode 'outputs' to avoid re-running this script phase.\necho \"SUCCESS\" > \"${SCRIPT_OUTPUT_FILE_0}\"\n";
			showEnvVarsInLog = 0;
		};
		ADCF37662A48ABDA004D8347 /* ShellScript */ = {
			isa = PBXShellScriptBuildPhase;
			buildActionMask = 2147483647;
			files = (
			);
			inputFileListPaths = (
			);
			inputPaths = (
			);
			outputFileListPaths = (
			);
			outputPaths = (
			);
			runOnlyForDeploymentPostprocessing = 0;
			shellPath = /bin/sh;
			shellScript = "
";
		};
/* End PBXShellScriptBuildPhase section */

/* Begin PBXSourcesBuildPhase section */
		AD51077F2A62AF5C00C055DC /* Sources */ = {
			isa = PBXSourcesBuildPhase;
			buildActionMask = 2147483647;
			files = (
				AD5107962A62B19F00C055DC /* CellView.swift in Sources */,
				AD5107882A62AF5C00C055DC /* ContentView.swift in Sources */,
				AD5107942A62B0B800C055DC /* MockData.swift in Sources */,
				AD5107862A62AF5C00C055DC /* YaSchoolSUIApp.swift in Sources */,
				AD0BE4002A62CF520090C6C9 /* TaskDetailsView.swift in Sources */,
			);
			runOnlyForDeploymentPostprocessing = 0;
		};
		AD6907852A34946500E32AEA /* Sources */ = {
			isa = PBXSourcesBuildPhase;
			buildActionMask = 2147483647;
			files = (
				ADCF375C2A485B8C004D8347 /* TodoListPresenter.swift in Sources */,
				ADCF374E2A484057004D8347 /* CustomViewCell.swift in Sources */,
				ADCF375B2A485B8C004D8347 /* TodoListContracts.swift in Sources */,
				AD96E9222A51B10C00AC8952 /* Networking.swift in Sources */,
				AD69078D2A34946500E32AEA /* AppDelegate.swift in Sources */,
				ADDB0D4C2A3EF8F600A8BEBD /* TaskCoordinator.swift in Sources */,
				ADFF77C92A4347A3001F3F31 /* String+extensions.swift in Sources */,
				AD96E91B2A516EAC00AC8952 /* URLSession+extensions.swift in Sources */,
				ADCF375A2A485B8C004D8347 /* TodoListAssembly.swift in Sources */,
				ADDB0D5E2A3F013E00A8BEBD /* FileCacheAssembly.swift in Sources */,
				AD69078F2A34946500E32AEA /* SceneDelegate.swift in Sources */,
				ADFF77C32A43371C001F3F31 /* ColorPickerPresenter.swift in Sources */,
				ADCF375E2A485B8C004D8347 /* TodoListInteractor.swift in Sources */,
				ADDB0D552A3EFB0300A8BEBD /* CoordinateType.swift in Sources */,
				AD8D03472A54AE0D00DCF92F /* TaskDetailsPresenter.swift in Sources */,
				ADDB0D402A3EF8D600A8BEBD /* TaskDetailsContracts.swift in Sources */,
				ADDB0D3F2A3EF8D600A8BEBD /* TaskDetailsAssembly.swift in Sources */,
				ADFF77C42A43371C001F3F31 /* ColorPickerViewController.swift in Sources */,
				AD3E75A62A3F2CC300985ECA /* Date+extensions.swift in Sources */,
				AD96E9252A51CA1300AC8952 /* RevisionStorage.swift in Sources */,
				ADFF77C22A43371C001F3F31 /* ColorPickerContracts.swift in Sources */,
				AD12705D2A59822A00FFB25E /* ViewController.swift in Sources */,
				ADFF77B32A4336C6001F3F31 /* UIColor+extenstions.swift in Sources */,
				ADCF375D2A485B8C004D8347 /* TodoListViewController.swift in Sources */,
				ADDB0D4E2A3EF8F600A8BEBD /* TaskCoordinatorType.swift in Sources */,
				ADFF77C12A43371C001F3F31 /* ColorPickerAssembly.swift in Sources */,
				ADDB0D422A3EF8D600A8BEBD /* TaskDetailsViewController.swift in Sources */,
			);
			runOnlyForDeploymentPostprocessing = 0;
		};
		AD69079B2A34946600E32AEA /* Sources */ = {
			isa = PBXSourcesBuildPhase;
			buildActionMask = 2147483647;
			files = (
				AD6907A42A34946600E32AEA /* YaSchoolTests.swift in Sources */,
			);
			runOnlyForDeploymentPostprocessing = 0;
		};
		AD6907A52A34946600E32AEA /* Sources */ = {
			isa = PBXSourcesBuildPhase;
			buildActionMask = 2147483647;
			files = (
				AD6907B02A34946600E32AEA /* YaSchoolUITestsLaunchTests.swift in Sources */,
				AD6907AE2A34946600E32AEA /* YaSchoolUITests.swift in Sources */,
			);
			runOnlyForDeploymentPostprocessing = 0;
		};
/* End PBXSourcesBuildPhase section */

/* Begin PBXTargetDependency section */
		AD6907A12A34946600E32AEA /* PBXTargetDependency */ = {
			isa = PBXTargetDependency;
			target = AD6907882A34946500E32AEA /* YaSchool */;
			targetProxy = AD6907A02A34946600E32AEA /* PBXContainerItemProxy */;
		};
		AD6907AB2A34946600E32AEA /* PBXTargetDependency */ = {
			isa = PBXTargetDependency;
			target = AD6907882A34946500E32AEA /* YaSchool */;
			targetProxy = AD6907AA2A34946600E32AEA /* PBXContainerItemProxy */;
		};
/* End PBXTargetDependency section */

/* Begin PBXVariantGroup section */
		AD6907972A34946600E32AEA /* LaunchScreen.storyboard */ = {
			isa = PBXVariantGroup;
			children = (
				AD6907982A34946600E32AEA /* Base */,
			);
			name = LaunchScreen.storyboard;
			sourceTree = "<group>";
		};
/* End PBXVariantGroup section */

/* Begin XCBuildConfiguration section */
		AD51078E2A62AF5D00C055DC /* Debug */ = {
			isa = XCBuildConfiguration;
			buildSettings = {
				ASSETCATALOG_COMPILER_APPICON_NAME = AppIcon;
				ASSETCATALOG_COMPILER_GLOBAL_ACCENT_COLOR_NAME = AccentColor;
				CODE_SIGN_STYLE = Automatic;
				CURRENT_PROJECT_VERSION = 1;
				DEVELOPMENT_ASSET_PATHS = "\"YaSchoolSUI/Preview Content\"";
				DEVELOPMENT_TEAM = CFHHZ2MJ22;
				ENABLE_PREVIEWS = YES;
				GENERATE_INFOPLIST_FILE = YES;
				INFOPLIST_KEY_UIApplicationSceneManifest_Generation = YES;
				INFOPLIST_KEY_UIApplicationSupportsIndirectInputEvents = YES;
				INFOPLIST_KEY_UILaunchScreen_Generation = YES;
				INFOPLIST_KEY_UISupportedInterfaceOrientations_iPad = "UIInterfaceOrientationPortrait UIInterfaceOrientationPortraitUpsideDown UIInterfaceOrientationLandscapeLeft UIInterfaceOrientationLandscapeRight";
				INFOPLIST_KEY_UISupportedInterfaceOrientations_iPhone = "UIInterfaceOrientationPortrait UIInterfaceOrientationLandscapeLeft UIInterfaceOrientationLandscapeRight";
				IPHONEOS_DEPLOYMENT_TARGET = 16.4;
				LD_RUNPATH_SEARCH_PATHS = (
					"$(inherited)",
					"@executable_path/Frameworks",
				);
				MARKETING_VERSION = 1.0;
				PRODUCT_BUNDLE_IDENTIFIER = ya.YaSchoolSUI;
				PRODUCT_NAME = "$(TARGET_NAME)";
				SWIFT_EMIT_LOC_STRINGS = YES;
				SWIFT_VERSION = 5.0;
				TARGETED_DEVICE_FAMILY = "1,2";
			};
			name = Debug;
		};
		AD51078F2A62AF5D00C055DC /* Release */ = {
			isa = XCBuildConfiguration;
			buildSettings = {
				ASSETCATALOG_COMPILER_APPICON_NAME = AppIcon;
				ASSETCATALOG_COMPILER_GLOBAL_ACCENT_COLOR_NAME = AccentColor;
				CODE_SIGN_STYLE = Automatic;
				CURRENT_PROJECT_VERSION = 1;
				DEVELOPMENT_ASSET_PATHS = "\"YaSchoolSUI/Preview Content\"";
				DEVELOPMENT_TEAM = CFHHZ2MJ22;
				ENABLE_PREVIEWS = YES;
				GENERATE_INFOPLIST_FILE = YES;
				INFOPLIST_KEY_UIApplicationSceneManifest_Generation = YES;
				INFOPLIST_KEY_UIApplicationSupportsIndirectInputEvents = YES;
				INFOPLIST_KEY_UILaunchScreen_Generation = YES;
				INFOPLIST_KEY_UISupportedInterfaceOrientations_iPad = "UIInterfaceOrientationPortrait UIInterfaceOrientationPortraitUpsideDown UIInterfaceOrientationLandscapeLeft UIInterfaceOrientationLandscapeRight";
				INFOPLIST_KEY_UISupportedInterfaceOrientations_iPhone = "UIInterfaceOrientationPortrait UIInterfaceOrientationLandscapeLeft UIInterfaceOrientationLandscapeRight";
				IPHONEOS_DEPLOYMENT_TARGET = 16.4;
				LD_RUNPATH_SEARCH_PATHS = (
					"$(inherited)",
					"@executable_path/Frameworks",
				);
				MARKETING_VERSION = 1.0;
				PRODUCT_BUNDLE_IDENTIFIER = ya.YaSchoolSUI;
				PRODUCT_NAME = "$(TARGET_NAME)";
				SWIFT_EMIT_LOC_STRINGS = YES;
				SWIFT_VERSION = 5.0;
				TARGETED_DEVICE_FAMILY = "1,2";
			};
			name = Release;
		};
		AD6907B12A34946600E32AEA /* Debug */ = {
			isa = XCBuildConfiguration;
			buildSettings = {
				ALWAYS_SEARCH_USER_PATHS = NO;
				CLANG_ANALYZER_NONNULL = YES;
				CLANG_ANALYZER_NUMBER_OBJECT_CONVERSION = YES_AGGRESSIVE;
				CLANG_CXX_LANGUAGE_STANDARD = "gnu++20";
				CLANG_ENABLE_MODULES = YES;
				CLANG_ENABLE_OBJC_ARC = YES;
				CLANG_ENABLE_OBJC_WEAK = YES;
				CLANG_WARN_BLOCK_CAPTURE_AUTORELEASING = YES;
				CLANG_WARN_BOOL_CONVERSION = YES;
				CLANG_WARN_COMMA = YES;
				CLANG_WARN_CONSTANT_CONVERSION = YES;
				CLANG_WARN_DEPRECATED_OBJC_IMPLEMENTATIONS = YES;
				CLANG_WARN_DIRECT_OBJC_ISA_USAGE = YES_ERROR;
				CLANG_WARN_DOCUMENTATION_COMMENTS = YES;
				CLANG_WARN_EMPTY_BODY = YES;
				CLANG_WARN_ENUM_CONVERSION = YES;
				CLANG_WARN_INFINITE_RECURSION = YES;
				CLANG_WARN_INT_CONVERSION = YES;
				CLANG_WARN_NON_LITERAL_NULL_CONVERSION = YES;
				CLANG_WARN_OBJC_IMPLICIT_RETAIN_SELF = YES;
				CLANG_WARN_OBJC_LITERAL_CONVERSION = YES;
				CLANG_WARN_OBJC_ROOT_CLASS = YES_ERROR;
				CLANG_WARN_QUOTED_INCLUDE_IN_FRAMEWORK_HEADER = YES;
				CLANG_WARN_RANGE_LOOP_ANALYSIS = YES;
				CLANG_WARN_STRICT_PROTOTYPES = YES;
				CLANG_WARN_SUSPICIOUS_MOVE = YES;
				CLANG_WARN_UNGUARDED_AVAILABILITY = YES_AGGRESSIVE;
				CLANG_WARN_UNREACHABLE_CODE = YES;
				CLANG_WARN__DUPLICATE_METHOD_MATCH = YES;
				COPY_PHASE_STRIP = NO;
				DEBUG_INFORMATION_FORMAT = dwarf;
				ENABLE_STRICT_OBJC_MSGSEND = YES;
				ENABLE_TESTABILITY = YES;
				GCC_C_LANGUAGE_STANDARD = gnu11;
				GCC_DYNAMIC_NO_PIC = NO;
				GCC_NO_COMMON_BLOCKS = YES;
				GCC_OPTIMIZATION_LEVEL = 0;
				GCC_PREPROCESSOR_DEFINITIONS = (
					"DEBUG=1",
					"$(inherited)",
				);
				GCC_WARN_64_TO_32_BIT_CONVERSION = YES;
				GCC_WARN_ABOUT_RETURN_TYPE = YES_ERROR;
				GCC_WARN_UNDECLARED_SELECTOR = YES;
				GCC_WARN_UNINITIALIZED_AUTOS = YES_AGGRESSIVE;
				GCC_WARN_UNUSED_FUNCTION = YES;
				GCC_WARN_UNUSED_VARIABLE = YES;
				IPHONEOS_DEPLOYMENT_TARGET = 16.2;
				MTL_ENABLE_DEBUG_INFO = INCLUDE_SOURCE;
				MTL_FAST_MATH = YES;
				ONLY_ACTIVE_ARCH = YES;
				SDKROOT = iphoneos;
				SWIFT_ACTIVE_COMPILATION_CONDITIONS = DEBUG;
				SWIFT_OPTIMIZATION_LEVEL = "-Onone";
				SWIFT_STRICT_CONCURRENCY = minimal;
			};
			name = Debug;
		};
		AD6907B22A34946600E32AEA /* Release */ = {
			isa = XCBuildConfiguration;
			buildSettings = {
				ALWAYS_SEARCH_USER_PATHS = NO;
				CLANG_ANALYZER_NONNULL = YES;
				CLANG_ANALYZER_NUMBER_OBJECT_CONVERSION = YES_AGGRESSIVE;
				CLANG_CXX_LANGUAGE_STANDARD = "gnu++20";
				CLANG_ENABLE_MODULES = YES;
				CLANG_ENABLE_OBJC_ARC = YES;
				CLANG_ENABLE_OBJC_WEAK = YES;
				CLANG_WARN_BLOCK_CAPTURE_AUTORELEASING = YES;
				CLANG_WARN_BOOL_CONVERSION = YES;
				CLANG_WARN_COMMA = YES;
				CLANG_WARN_CONSTANT_CONVERSION = YES;
				CLANG_WARN_DEPRECATED_OBJC_IMPLEMENTATIONS = YES;
				CLANG_WARN_DIRECT_OBJC_ISA_USAGE = YES_ERROR;
				CLANG_WARN_DOCUMENTATION_COMMENTS = YES;
				CLANG_WARN_EMPTY_BODY = YES;
				CLANG_WARN_ENUM_CONVERSION = YES;
				CLANG_WARN_INFINITE_RECURSION = YES;
				CLANG_WARN_INT_CONVERSION = YES;
				CLANG_WARN_NON_LITERAL_NULL_CONVERSION = YES;
				CLANG_WARN_OBJC_IMPLICIT_RETAIN_SELF = YES;
				CLANG_WARN_OBJC_LITERAL_CONVERSION = YES;
				CLANG_WARN_OBJC_ROOT_CLASS = YES_ERROR;
				CLANG_WARN_QUOTED_INCLUDE_IN_FRAMEWORK_HEADER = YES;
				CLANG_WARN_RANGE_LOOP_ANALYSIS = YES;
				CLANG_WARN_STRICT_PROTOTYPES = YES;
				CLANG_WARN_SUSPICIOUS_MOVE = YES;
				CLANG_WARN_UNGUARDED_AVAILABILITY = YES_AGGRESSIVE;
				CLANG_WARN_UNREACHABLE_CODE = YES;
				CLANG_WARN__DUPLICATE_METHOD_MATCH = YES;
				COPY_PHASE_STRIP = NO;
				DEBUG_INFORMATION_FORMAT = "dwarf-with-dsym";
				ENABLE_NS_ASSERTIONS = NO;
				ENABLE_STRICT_OBJC_MSGSEND = YES;
				GCC_C_LANGUAGE_STANDARD = gnu11;
				GCC_NO_COMMON_BLOCKS = YES;
				GCC_WARN_64_TO_32_BIT_CONVERSION = YES;
				GCC_WARN_ABOUT_RETURN_TYPE = YES_ERROR;
				GCC_WARN_UNDECLARED_SELECTOR = YES;
				GCC_WARN_UNINITIALIZED_AUTOS = YES_AGGRESSIVE;
				GCC_WARN_UNUSED_FUNCTION = YES;
				GCC_WARN_UNUSED_VARIABLE = YES;
				IPHONEOS_DEPLOYMENT_TARGET = 16.2;
				MTL_ENABLE_DEBUG_INFO = NO;
				MTL_FAST_MATH = YES;
				SDKROOT = iphoneos;
				SWIFT_COMPILATION_MODE = wholemodule;
				SWIFT_OPTIMIZATION_LEVEL = "-O";
				SWIFT_STRICT_CONCURRENCY = minimal;
				VALIDATE_PRODUCT = YES;
			};
			name = Release;
		};
		AD6907B42A34946600E32AEA /* Debug */ = {
			isa = XCBuildConfiguration;
			baseConfigurationReference = A6A9DE602E3EDCB584F08C0C /* Pods-YaSchool.debug.xcconfig */;
			buildSettings = {
				ASSETCATALOG_COMPILER_APPICON_NAME = AppIcon;
				ASSETCATALOG_COMPILER_GLOBAL_ACCENT_COLOR_NAME = AccentColor;
				CODE_SIGN_STYLE = Automatic;
				CURRENT_PROJECT_VERSION = 1;
				DEVELOPMENT_TEAM = CFHHZ2MJ22;
				GENERATE_INFOPLIST_FILE = YES;
				INFOPLIST_FILE = YaSchool/Info.plist;
				INFOPLIST_KEY_UIApplicationSupportsIndirectInputEvents = YES;
				INFOPLIST_KEY_UILaunchStoryboardName = LaunchScreen;
				INFOPLIST_KEY_UISupportedInterfaceOrientations_iPad = "UIInterfaceOrientationPortrait UIInterfaceOrientationPortraitUpsideDown UIInterfaceOrientationLandscapeLeft UIInterfaceOrientationLandscapeRight";
				INFOPLIST_KEY_UISupportedInterfaceOrientations_iPhone = "UIInterfaceOrientationPortrait UIInterfaceOrientationLandscapeLeft UIInterfaceOrientationLandscapeRight";
				LD_RUNPATH_SEARCH_PATHS = (
					"$(inherited)",
					"@executable_path/Frameworks",
				);
				MARKETING_VERSION = 1.0;
				PRODUCT_BUNDLE_IDENTIFIER = ya.YaSchool;
				PRODUCT_NAME = "$(TARGET_NAME)";
				SWIFT_EMIT_LOC_STRINGS = YES;
				SWIFT_VERSION = 5.0;
				TARGETED_DEVICE_FAMILY = "1,2";
			};
			name = Debug;
		};
		AD6907B52A34946600E32AEA /* Release */ = {
			isa = XCBuildConfiguration;
			baseConfigurationReference = 7F81FCEBE984D2A085620DD9 /* Pods-YaSchool.release.xcconfig */;
			buildSettings = {
				ASSETCATALOG_COMPILER_APPICON_NAME = AppIcon;
				ASSETCATALOG_COMPILER_GLOBAL_ACCENT_COLOR_NAME = AccentColor;
				CODE_SIGN_STYLE = Automatic;
				CURRENT_PROJECT_VERSION = 1;
				DEVELOPMENT_TEAM = CFHHZ2MJ22;
				GENERATE_INFOPLIST_FILE = YES;
				INFOPLIST_FILE = YaSchool/Info.plist;
				INFOPLIST_KEY_UIApplicationSupportsIndirectInputEvents = YES;
				INFOPLIST_KEY_UILaunchStoryboardName = LaunchScreen;
				INFOPLIST_KEY_UISupportedInterfaceOrientations_iPad = "UIInterfaceOrientationPortrait UIInterfaceOrientationPortraitUpsideDown UIInterfaceOrientationLandscapeLeft UIInterfaceOrientationLandscapeRight";
				INFOPLIST_KEY_UISupportedInterfaceOrientations_iPhone = "UIInterfaceOrientationPortrait UIInterfaceOrientationLandscapeLeft UIInterfaceOrientationLandscapeRight";
				LD_RUNPATH_SEARCH_PATHS = (
					"$(inherited)",
					"@executable_path/Frameworks",
				);
				MARKETING_VERSION = 1.0;
				PRODUCT_BUNDLE_IDENTIFIER = ya.YaSchool;
				PRODUCT_NAME = "$(TARGET_NAME)";
				SWIFT_EMIT_LOC_STRINGS = YES;
				SWIFT_VERSION = 5.0;
				TARGETED_DEVICE_FAMILY = "1,2";
			};
			name = Release;
		};
		AD6907B72A34946600E32AEA /* Debug */ = {
			isa = XCBuildConfiguration;
			baseConfigurationReference = 42672A654FA8BCD5620BBC43 /* Pods-YaSchoolTests.debug.xcconfig */;
			buildSettings = {
				ALWAYS_EMBED_SWIFT_STANDARD_LIBRARIES = YES;
				BUNDLE_LOADER = "$(TEST_HOST)";
				CODE_SIGN_STYLE = Automatic;
				CURRENT_PROJECT_VERSION = 1;
				DEVELOPMENT_TEAM = CFHHZ2MJ22;
				GENERATE_INFOPLIST_FILE = YES;
				IPHONEOS_DEPLOYMENT_TARGET = 16.2;
				MARKETING_VERSION = 1.0;
				PRODUCT_BUNDLE_IDENTIFIER = ya.YaSchoolTests;
				PRODUCT_NAME = "$(TARGET_NAME)";
				SWIFT_EMIT_LOC_STRINGS = NO;
				SWIFT_VERSION = 5.0;
				TARGETED_DEVICE_FAMILY = "1,2";
				TEST_HOST = "$(BUILT_PRODUCTS_DIR)/YaSchool.app/$(BUNDLE_EXECUTABLE_FOLDER_PATH)/YaSchool";
			};
			name = Debug;
		};
		AD6907B82A34946600E32AEA /* Release */ = {
			isa = XCBuildConfiguration;
			baseConfigurationReference = 3B5AA9D633AD7D536C7DC99E /* Pods-YaSchoolTests.release.xcconfig */;
			buildSettings = {
				ALWAYS_EMBED_SWIFT_STANDARD_LIBRARIES = YES;
				BUNDLE_LOADER = "$(TEST_HOST)";
				CODE_SIGN_STYLE = Automatic;
				CURRENT_PROJECT_VERSION = 1;
				DEVELOPMENT_TEAM = CFHHZ2MJ22;
				GENERATE_INFOPLIST_FILE = YES;
				IPHONEOS_DEPLOYMENT_TARGET = 16.2;
				MARKETING_VERSION = 1.0;
				PRODUCT_BUNDLE_IDENTIFIER = ya.YaSchoolTests;
				PRODUCT_NAME = "$(TARGET_NAME)";
				SWIFT_EMIT_LOC_STRINGS = NO;
				SWIFT_VERSION = 5.0;
				TARGETED_DEVICE_FAMILY = "1,2";
				TEST_HOST = "$(BUILT_PRODUCTS_DIR)/YaSchool.app/$(BUNDLE_EXECUTABLE_FOLDER_PATH)/YaSchool";
			};
			name = Release;
		};
		AD6907BA2A34946600E32AEA /* Debug */ = {
			isa = XCBuildConfiguration;
			baseConfigurationReference = C00498F309BC470419DBF057 /* Pods-YaSchool-YaSchoolUITests.debug.xcconfig */;
			buildSettings = {
				ALWAYS_EMBED_SWIFT_STANDARD_LIBRARIES = YES;
				CODE_SIGN_STYLE = Automatic;
				CURRENT_PROJECT_VERSION = 1;
				DEVELOPMENT_TEAM = CFHHZ2MJ22;
				GENERATE_INFOPLIST_FILE = YES;
				MARKETING_VERSION = 1.0;
				PRODUCT_BUNDLE_IDENTIFIER = ya.YaSchoolUITests;
				PRODUCT_NAME = "$(TARGET_NAME)";
				SWIFT_EMIT_LOC_STRINGS = NO;
				SWIFT_VERSION = 5.0;
				TARGETED_DEVICE_FAMILY = "1,2";
				TEST_TARGET_NAME = YaSchool;
			};
			name = Debug;
		};
		AD6907BB2A34946600E32AEA /* Release */ = {
			isa = XCBuildConfiguration;
			baseConfigurationReference = BA266D18C280C4772FC9BAA0 /* Pods-YaSchool-YaSchoolUITests.release.xcconfig */;
			buildSettings = {
				ALWAYS_EMBED_SWIFT_STANDARD_LIBRARIES = YES;
				CODE_SIGN_STYLE = Automatic;
				CURRENT_PROJECT_VERSION = 1;
				DEVELOPMENT_TEAM = CFHHZ2MJ22;
				GENERATE_INFOPLIST_FILE = YES;
				MARKETING_VERSION = 1.0;
				PRODUCT_BUNDLE_IDENTIFIER = ya.YaSchoolUITests;
				PRODUCT_NAME = "$(TARGET_NAME)";
				SWIFT_EMIT_LOC_STRINGS = NO;
				SWIFT_VERSION = 5.0;
				TARGETED_DEVICE_FAMILY = "1,2";
				TEST_TARGET_NAME = YaSchool;
			};
			name = Release;
		};
/* End XCBuildConfiguration section */

/* Begin XCConfigurationList section */
		AD5107902A62AF5D00C055DC /* Build configuration list for PBXNativeTarget "YaSchoolSUI" */ = {
			isa = XCConfigurationList;
			buildConfigurations = (
				AD51078E2A62AF5D00C055DC /* Debug */,
				AD51078F2A62AF5D00C055DC /* Release */,
			);
			defaultConfigurationIsVisible = 0;
			defaultConfigurationName = Release;
		};
		AD6907842A34946500E32AEA /* Build configuration list for PBXProject "YaSchool" */ = {
			isa = XCConfigurationList;
			buildConfigurations = (
				AD6907B12A34946600E32AEA /* Debug */,
				AD6907B22A34946600E32AEA /* Release */,
			);
			defaultConfigurationIsVisible = 0;
			defaultConfigurationName = Release;
		};
		AD6907B32A34946600E32AEA /* Build configuration list for PBXNativeTarget "YaSchool" */ = {
			isa = XCConfigurationList;
			buildConfigurations = (
				AD6907B42A34946600E32AEA /* Debug */,
				AD6907B52A34946600E32AEA /* Release */,
			);
			defaultConfigurationIsVisible = 0;
			defaultConfigurationName = Release;
		};
		AD6907B62A34946600E32AEA /* Build configuration list for PBXNativeTarget "YaSchoolTests" */ = {
			isa = XCConfigurationList;
			buildConfigurations = (
				AD6907B72A34946600E32AEA /* Debug */,
				AD6907B82A34946600E32AEA /* Release */,
			);
			defaultConfigurationIsVisible = 0;
			defaultConfigurationName = Release;
		};
		AD6907B92A34946600E32AEA /* Build configuration list for PBXNativeTarget "YaSchoolUITests" */ = {
			isa = XCConfigurationList;
			buildConfigurations = (
				AD6907BA2A34946600E32AEA /* Debug */,
				AD6907BB2A34946600E32AEA /* Release */,
			);
			defaultConfigurationIsVisible = 0;
			defaultConfigurationName = Release;
		};
/* End XCConfigurationList section */

/* Begin XCRemoteSwiftPackageReference section */
		ADCF375F2A48A799004D8347 /* XCRemoteSwiftPackageReference "CocoaLumberjack" */ = {
			isa = XCRemoteSwiftPackageReference;
			repositoryURL = "https://github.com/CocoaLumberjack/CocoaLumberjack.git";
			requirement = {
				kind = upToNextMinorVersion;
				minimumVersion = 3.8.0;
			};
		};
/* End XCRemoteSwiftPackageReference section */

/* Begin XCSwiftPackageProductDependency section */
		AD0C919E2A48BEAB001250D6 /* FileCache */ = {
			isa = XCSwiftPackageProductDependency;
			productName = FileCache;
		};
		AD5107912A62B0A700C055DC /* FileCache */ = {
			isa = XCSwiftPackageProductDependency;
			productName = FileCache;
		};
		ADCF37602A48A799004D8347 /* CocoaLumberjack */ = {
			isa = XCSwiftPackageProductDependency;
			package = ADCF375F2A48A799004D8347 /* XCRemoteSwiftPackageReference "CocoaLumberjack" */;
			productName = CocoaLumberjack;
		};
		ADCF37622A48A799004D8347 /* CocoaLumberjackSwift */ = {
			isa = XCSwiftPackageProductDependency;
			package = ADCF375F2A48A799004D8347 /* XCRemoteSwiftPackageReference "CocoaLumberjack" */;
			productName = CocoaLumberjackSwift;
		};
		ADCF37642A48A799004D8347 /* CocoaLumberjackSwiftLogBackend */ = {
			isa = XCSwiftPackageProductDependency;
			package = ADCF375F2A48A799004D8347 /* XCRemoteSwiftPackageReference "CocoaLumberjack" */;
			productName = CocoaLumberjackSwiftLogBackend;
		};
/* End XCSwiftPackageProductDependency section */
	};
	rootObject = AD6907812A34946500E32AEA /* Project object */;
}
